// !$*UTF8*$!
{
	archiveVersion = 1;
	classes = {
	};
	objectVersion = 46;
	objects = {

/* Begin PBXBuildFile section */
		5E09ED8C192188F8003089BA /* libsqlite3.dylib in Frameworks */ = {isa = PBXBuildFile; fileRef = 5E09ED8B192188F8003089BA /* libsqlite3.dylib */; };
		5E09ED9119218B54003089BA /* README.markdown in Resources */ = {isa = PBXBuildFile; fileRef = 5E09ED8E19218B54003089BA /* README.markdown */; };
		5E09ED9219218B54003089BA /* SCSQLite.m in Sources */ = {isa = PBXBuildFile; fileRef = 5E09ED9019218B54003089BA /* SCSQLite.m */; };
		5E0BD9EA194DE83100179E54 /* UsuarioViewController.m in Sources */ = {isa = PBXBuildFile; fileRef = 5E0BD9E9194DE83100179E54 /* UsuarioViewController.m */; };
		5E1F902319230BF4006770C2 /* DetalheTreinoViewController.m in Sources */ = {isa = PBXBuildFile; fileRef = 5E1F902219230BF4006770C2 /* DetalheTreinoViewController.m */; };
		5E20880D19292C0D0004ABA1 /* Treino.m in Sources */ = {isa = PBXBuildFile; fileRef = 5E20880C19292C0D0004ABA1 /* Treino.m */; };
		5E20881019292C1F0004ABA1 /* Usuario.m in Sources */ = {isa = PBXBuildFile; fileRef = 5E20880F19292C1F0004ABA1 /* Usuario.m */; };
		5E3733D919565FE70052DAB5 /* icon-comment-lanch.png in Resources */ = {isa = PBXBuildFile; fileRef = 5E3733D619565FE70052DAB5 /* icon-comment-lanch.png */; };
		5E3733DA19565FE70052DAB5 /* icon-done-lanch.png in Resources */ = {isa = PBXBuildFile; fileRef = 5E3733D719565FE70052DAB5 /* icon-done-lanch.png */; };
		5E3733DB19565FE70052DAB5 /* icon-not-lanch.png in Resources */ = {isa = PBXBuildFile; fileRef = 5E3733D819565FE70052DAB5 /* icon-not-lanch.png */; };
		5E3733E719579E3B0052DAB5 /* Alert.m in Sources */ = {isa = PBXBuildFile; fileRef = 5E3733E619579E3B0052DAB5 /* Alert.m */; };
		5E3733EA1957A1640052DAB5 /* Webservice.m in Sources */ = {isa = PBXBuildFile; fileRef = 5E3733E91957A1640052DAB5 /* Webservice.m */; };
		5E3FFFAF19439A1A004E6E54 /* TreinoViewController.m in Sources */ = {isa = PBXBuildFile; fileRef = 5E3FFFAE19439A1A004E6E54 /* TreinoViewController.m */; };
		5E8A0701195D54A800FAC3EA /* dashboard_icon 2.png in Resources */ = {isa = PBXBuildFile; fileRef = 5E8A0700195D54A800FAC3EA /* dashboard_icon 2.png */; };
		5E8A0707195D5ABD00FAC3EA /* Contact@2x.png in Resources */ = {isa = PBXBuildFile; fileRef = 5E8A0706195D5ABD00FAC3EA /* Contact@2x.png */; };
		5E8A0709195D5C6A00FAC3EA /* icon_running@2x.png in Resources */ = {isa = PBXBuildFile; fileRef = 5E8A0708195D5C6A00FAC3EA /* icon_running@2x.png */; };
		5E8A070B195D5CD000FAC3EA /* Chart_Up@2x.png in Resources */ = {isa = PBXBuildFile; fileRef = 5E8A070A195D5CD000FAC3EA /* Chart_Up@2x.png */; };
		5EABDEA1195D78A200B80ED7 /* Images-2.xcassets in Resources */ = {isa = PBXBuildFile; fileRef = 5EABDEA0195D78A200B80ED7 /* Images-2.xcassets */; };
		5ED0AD64191FABCB0026DFF9 /* Foundation.framework in Frameworks */ = {isa = PBXBuildFile; fileRef = 5ED0AD63191FABCB0026DFF9 /* Foundation.framework */; };
		5ED0AD66191FABCB0026DFF9 /* CoreGraphics.framework in Frameworks */ = {isa = PBXBuildFile; fileRef = 5ED0AD65191FABCB0026DFF9 /* CoreGraphics.framework */; };
		5ED0AD68191FABCB0026DFF9 /* UIKit.framework in Frameworks */ = {isa = PBXBuildFile; fileRef = 5ED0AD67191FABCB0026DFF9 /* UIKit.framework */; };
		5ED0AD6E191FABCB0026DFF9 /* InfoPlist.strings in Resources */ = {isa = PBXBuildFile; fileRef = 5ED0AD6C191FABCB0026DFF9 /* InfoPlist.strings */; };
		5ED0AD70191FABCB0026DFF9 /* main.m in Sources */ = {isa = PBXBuildFile; fileRef = 5ED0AD6F191FABCB0026DFF9 /* main.m */; };
		5ED0AD74191FABCB0026DFF9 /* APPTAppDelegate.m in Sources */ = {isa = PBXBuildFile; fileRef = 5ED0AD73191FABCB0026DFF9 /* APPTAppDelegate.m */; };
		5ED0AD77191FABCB0026DFF9 /* Main.storyboard in Resources */ = {isa = PBXBuildFile; fileRef = 5ED0AD75191FABCB0026DFF9 /* Main.storyboard */; };
		5ED0AD7A191FABCB0026DFF9 /* APPTViewController.m in Sources */ = {isa = PBXBuildFile; fileRef = 5ED0AD79191FABCB0026DFF9 /* APPTViewController.m */; };
		5ED0AD7C191FABCB0026DFF9 /* Images.xcassets in Resources */ = {isa = PBXBuildFile; fileRef = 5ED0AD7B191FABCB0026DFF9 /* Images.xcassets */; };
		5ED0AD83191FABCB0026DFF9 /* XCTest.framework in Frameworks */ = {isa = PBXBuildFile; fileRef = 5ED0AD82191FABCB0026DFF9 /* XCTest.framework */; };
		5ED0AD84191FABCB0026DFF9 /* Foundation.framework in Frameworks */ = {isa = PBXBuildFile; fileRef = 5ED0AD63191FABCB0026DFF9 /* Foundation.framework */; };
		5ED0AD85191FABCB0026DFF9 /* UIKit.framework in Frameworks */ = {isa = PBXBuildFile; fileRef = 5ED0AD67191FABCB0026DFF9 /* UIKit.framework */; };
		5ED0AD8D191FABCB0026DFF9 /* InfoPlist.strings in Resources */ = {isa = PBXBuildFile; fileRef = 5ED0AD8B191FABCB0026DFF9 /* InfoPlist.strings */; };
		5ED0AD8F191FABCB0026DFF9 /* AppTreinosTests.m in Sources */ = {isa = PBXBuildFile; fileRef = 5ED0AD8E191FABCB0026DFF9 /* AppTreinosTests.m */; };
		5ED0ADB2191FC04D0026DFF9 /* NSObject+SBJson.m in Sources */ = {isa = PBXBuildFile; fileRef = 5ED0AD9A191FC04D0026DFF9 /* NSObject+SBJson.m */; };
		5ED0ADB3191FC04D0026DFF9 /* SBJsonParser.m in Sources */ = {isa = PBXBuildFile; fileRef = 5ED0AD9D191FC04D0026DFF9 /* SBJsonParser.m */; };
		5ED0ADB4191FC04D0026DFF9 /* SBJsonStreamParser.m in Sources */ = {isa = PBXBuildFile; fileRef = 5ED0AD9F191FC04D0026DFF9 /* SBJsonStreamParser.m */; };
		5ED0ADB5191FC04D0026DFF9 /* SBJsonStreamParserAccumulator.m in Sources */ = {isa = PBXBuildFile; fileRef = 5ED0ADA1191FC04D0026DFF9 /* SBJsonStreamParserAccumulator.m */; };
		5ED0ADB6191FC04D0026DFF9 /* SBJsonStreamParserAdapter.m in Sources */ = {isa = PBXBuildFile; fileRef = 5ED0ADA3191FC04D0026DFF9 /* SBJsonStreamParserAdapter.m */; };
		5ED0ADB7191FC04D0026DFF9 /* SBJsonStreamParserState.m in Sources */ = {isa = PBXBuildFile; fileRef = 5ED0ADA5191FC04D0026DFF9 /* SBJsonStreamParserState.m */; };
		5ED0ADB8191FC04D0026DFF9 /* SBJsonStreamWriter.m in Sources */ = {isa = PBXBuildFile; fileRef = 5ED0ADA7191FC04D0026DFF9 /* SBJsonStreamWriter.m */; };
		5ED0ADB9191FC04D0026DFF9 /* SBJsonStreamWriterAccumulator.m in Sources */ = {isa = PBXBuildFile; fileRef = 5ED0ADA9191FC04D0026DFF9 /* SBJsonStreamWriterAccumulator.m */; };
		5ED0ADBA191FC04D0026DFF9 /* SBJsonStreamWriterState.m in Sources */ = {isa = PBXBuildFile; fileRef = 5ED0ADAB191FC04D0026DFF9 /* SBJsonStreamWriterState.m */; };
		5ED0ADBB191FC04D0026DFF9 /* SBJsonTokeniser.m in Sources */ = {isa = PBXBuildFile; fileRef = 5ED0ADAD191FC04D0026DFF9 /* SBJsonTokeniser.m */; };
		5ED0ADBC191FC04D0026DFF9 /* SBJsonUTF8Stream.m in Sources */ = {isa = PBXBuildFile; fileRef = 5ED0ADAF191FC04D0026DFF9 /* SBJsonUTF8Stream.m */; };
		5ED0ADBD191FC04D0026DFF9 /* SBJsonWriter.m in Sources */ = {isa = PBXBuildFile; fileRef = 5ED0ADB1191FC04D0026DFF9 /* SBJsonWriter.m */; };
		5EFC2E19195A525600B747FB /* treinoss.db in Resources */ = {isa = PBXBuildFile; fileRef = 5EFC2E18195A525600B747FB /* treinoss.db */; };
		5EFD0E9D194FBFAA0097D9A4 /* 391725_256704111119106_250911794_n.jpg in Resources */ = {isa = PBXBuildFile; fileRef = 5EFD0E9B194FBFAA0097D9A4 /* 391725_256704111119106_250911794_n.jpg */; };
		5EFD0E9F194FC0D40097D9A4 /* logo_mft.png in Resources */ = {isa = PBXBuildFile; fileRef = 5EFD0E9E194FC0D40097D9A4 /* logo_mft.png */; };
/* End PBXBuildFile section */

/* Begin PBXContainerItemProxy section */
		5ED0AD86191FABCB0026DFF9 /* PBXContainerItemProxy */ = {
			isa = PBXContainerItemProxy;
			containerPortal = 5ED0AD58191FABCA0026DFF9 /* Project object */;
			proxyType = 1;
			remoteGlobalIDString = 5ED0AD5F191FABCB0026DFF9;
			remoteInfo = AppTreinos;
		};
/* End PBXContainerItemProxy section */

/* Begin PBXFileReference section */
		5E09ED8B192188F8003089BA /* libsqlite3.dylib */ = {isa = PBXFileReference; lastKnownFileType = "compiled.mach-o.dylib"; name = libsqlite3.dylib; path = usr/lib/libsqlite3.dylib; sourceTree = SDKROOT; };
		5E09ED8E19218B54003089BA /* README.markdown */ = {isa = PBXFileReference; fileEncoding = 4; lastKnownFileType = text; name = README.markdown; path = "../../../../Desktop/SCSQLite-master/README.markdown"; sourceTree = "<group>"; };
		5E09ED8F19218B54003089BA /* SCSQLite.h */ = {isa = PBXFileReference; fileEncoding = 4; lastKnownFileType = sourcecode.c.h; name = SCSQLite.h; path = "../../../../Desktop/SCSQLite-master/SCSQLite.h"; sourceTree = "<group>"; };
		5E09ED9019218B54003089BA /* SCSQLite.m */ = {isa = PBXFileReference; fileEncoding = 4; lastKnownFileType = sourcecode.c.objc; name = SCSQLite.m; path = "../../../../Desktop/SCSQLite-master/SCSQLite.m"; sourceTree = "<group>"; };
		5E0BD9E8194DE83100179E54 /* UsuarioViewController.h */ = {isa = PBXFileReference; fileEncoding = 4; lastKnownFileType = sourcecode.c.h; path = UsuarioViewController.h; sourceTree = "<group>"; };
		5E0BD9E9194DE83100179E54 /* UsuarioViewController.m */ = {isa = PBXFileReference; fileEncoding = 4; lastKnownFileType = sourcecode.c.objc; path = UsuarioViewController.m; sourceTree = "<group>"; };
		5E1F902119230BF4006770C2 /* DetalheTreinoViewController.h */ = {isa = PBXFileReference; fileEncoding = 4; lastKnownFileType = sourcecode.c.h; path = DetalheTreinoViewController.h; sourceTree = "<group>"; };
		5E1F902219230BF4006770C2 /* DetalheTreinoViewController.m */ = {isa = PBXFileReference; fileEncoding = 4; lastKnownFileType = sourcecode.c.objc; path = DetalheTreinoViewController.m; sourceTree = "<group>"; };
		5E20880B19292C0D0004ABA1 /* Treino.h */ = {isa = PBXFileReference; fileEncoding = 4; lastKnownFileType = sourcecode.c.h; path = Treino.h; sourceTree = "<group>"; };
		5E20880C19292C0D0004ABA1 /* Treino.m */ = {isa = PBXFileReference; fileEncoding = 4; lastKnownFileType = sourcecode.c.objc; path = Treino.m; sourceTree = "<group>"; };
		5E20880E19292C1F0004ABA1 /* Usuario.h */ = {isa = PBXFileReference; fileEncoding = 4; lastKnownFileType = sourcecode.c.h; path = Usuario.h; sourceTree = "<group>"; };
		5E20880F19292C1F0004ABA1 /* Usuario.m */ = {isa = PBXFileReference; fileEncoding = 4; lastKnownFileType = sourcecode.c.objc; path = Usuario.m; sourceTree = "<group>"; };
		5E3733D619565FE70052DAB5 /* icon-comment-lanch.png */ = {isa = PBXFileReference; lastKnownFileType = image.png; path = "icon-comment-lanch.png"; sourceTree = "<group>"; };
		5E3733D719565FE70052DAB5 /* icon-done-lanch.png */ = {isa = PBXFileReference; lastKnownFileType = image.png; path = "icon-done-lanch.png"; sourceTree = "<group>"; };
		5E3733D819565FE70052DAB5 /* icon-not-lanch.png */ = {isa = PBXFileReference; lastKnownFileType = image.png; path = "icon-not-lanch.png"; sourceTree = "<group>"; };
		5E3733E519579E3B0052DAB5 /* Alert.h */ = {isa = PBXFileReference; fileEncoding = 4; lastKnownFileType = sourcecode.c.h; name = Alert.h; path = ../Alert.h; sourceTree = "<group>"; };
		5E3733E619579E3B0052DAB5 /* Alert.m */ = {isa = PBXFileReference; fileEncoding = 4; lastKnownFileType = sourcecode.c.objc; name = Alert.m; path = ../Alert.m; sourceTree = "<group>"; };
		5E3733E81957A1640052DAB5 /* Webservice.h */ = {isa = PBXFileReference; fileEncoding = 4; lastKnownFileType = sourcecode.c.h; path = Webservice.h; sourceTree = "<group>"; };
		5E3733E91957A1640052DAB5 /* Webservice.m */ = {isa = PBXFileReference; fileEncoding = 4; lastKnownFileType = sourcecode.c.objc; path = Webservice.m; sourceTree = "<group>"; };
		5E3FFFAD19439A1A004E6E54 /* TreinoViewController.h */ = {isa = PBXFileReference; fileEncoding = 4; lastKnownFileType = sourcecode.c.h; path = TreinoViewController.h; sourceTree = "<group>"; };
		5E3FFFAE19439A1A004E6E54 /* TreinoViewController.m */ = {isa = PBXFileReference; fileEncoding = 4; lastKnownFileType = sourcecode.c.objc; path = TreinoViewController.m; sourceTree = "<group>"; };
		5E8A0700195D54A800FAC3EA /* dashboard_icon 2.png */ = {isa = PBXFileReference; lastKnownFileType = image.png; path = "dashboard_icon 2.png"; sourceTree = "<group>"; };
		5E8A0706195D5ABD00FAC3EA /* Contact@2x.png */ = {isa = PBXFileReference; lastKnownFileType = image.png; path = "Contact@2x.png"; sourceTree = "<group>"; };
		5E8A0708195D5C6A00FAC3EA /* icon_running@2x.png */ = {isa = PBXFileReference; lastKnownFileType = image.png; path = "icon_running@2x.png"; sourceTree = "<group>"; };
		5E8A070A195D5CD000FAC3EA /* Chart_Up@2x.png */ = {isa = PBXFileReference; lastKnownFileType = image.png; path = "Chart_Up@2x.png"; sourceTree = "<group>"; };
		5EABDEA0195D78A200B80ED7 /* Images-2.xcassets */ = {isa = PBXFileReference; lastKnownFileType = folder.assetcatalog; path = "Images-2.xcassets"; sourceTree = "<group>"; };
		5ED0AD60191FABCB0026DFF9 /* AppTreinos.app */ = {isa = PBXFileReference; explicitFileType = wrapper.application; includeInIndex = 0; path = AppTreinos.app; sourceTree = BUILT_PRODUCTS_DIR; };
		5ED0AD63191FABCB0026DFF9 /* Foundation.framework */ = {isa = PBXFileReference; lastKnownFileType = wrapper.framework; name = Foundation.framework; path = System/Library/Frameworks/Foundation.framework; sourceTree = SDKROOT; };
		5ED0AD65191FABCB0026DFF9 /* CoreGraphics.framework */ = {isa = PBXFileReference; lastKnownFileType = wrapper.framework; name = CoreGraphics.framework; path = System/Library/Frameworks/CoreGraphics.framework; sourceTree = SDKROOT; };
		5ED0AD67191FABCB0026DFF9 /* UIKit.framework */ = {isa = PBXFileReference; lastKnownFileType = wrapper.framework; name = UIKit.framework; path = System/Library/Frameworks/UIKit.framework; sourceTree = SDKROOT; };
		5ED0AD6B191FABCB0026DFF9 /* AppTreinos-Info.plist */ = {isa = PBXFileReference; lastKnownFileType = text.plist.xml; path = "AppTreinos-Info.plist"; sourceTree = "<group>"; };
		5ED0AD6D191FABCB0026DFF9 /* en */ = {isa = PBXFileReference; lastKnownFileType = text.plist.strings; name = en; path = en.lproj/InfoPlist.strings; sourceTree = "<group>"; };
		5ED0AD6F191FABCB0026DFF9 /* main.m */ = {isa = PBXFileReference; lastKnownFileType = sourcecode.c.objc; path = main.m; sourceTree = "<group>"; };
		5ED0AD71191FABCB0026DFF9 /* AppTreinos-Prefix.pch */ = {isa = PBXFileReference; lastKnownFileType = sourcecode.c.h; path = "AppTreinos-Prefix.pch"; sourceTree = "<group>"; };
		5ED0AD72191FABCB0026DFF9 /* APPTAppDelegate.h */ = {isa = PBXFileReference; lastKnownFileType = sourcecode.c.h; path = APPTAppDelegate.h; sourceTree = "<group>"; };
		5ED0AD73191FABCB0026DFF9 /* APPTAppDelegate.m */ = {isa = PBXFileReference; lastKnownFileType = sourcecode.c.objc; path = APPTAppDelegate.m; sourceTree = "<group>"; };
		5ED0AD76191FABCB0026DFF9 /* Base */ = {isa = PBXFileReference; lastKnownFileType = file.storyboard; name = Base; path = Base.lproj/Main.storyboard; sourceTree = "<group>"; };
		5ED0AD78191FABCB0026DFF9 /* APPTViewController.h */ = {isa = PBXFileReference; lastKnownFileType = sourcecode.c.h; path = APPTViewController.h; sourceTree = "<group>"; };
		5ED0AD79191FABCB0026DFF9 /* APPTViewController.m */ = {isa = PBXFileReference; lastKnownFileType = sourcecode.c.objc; path = APPTViewController.m; sourceTree = "<group>"; };
		5ED0AD7B191FABCB0026DFF9 /* Images.xcassets */ = {isa = PBXFileReference; lastKnownFileType = folder.assetcatalog; path = Images.xcassets; sourceTree = "<group>"; };
		5ED0AD81191FABCB0026DFF9 /* AppTreinosTests.xctest */ = {isa = PBXFileReference; explicitFileType = wrapper.cfbundle; includeInIndex = 0; path = AppTreinosTests.xctest; sourceTree = BUILT_PRODUCTS_DIR; };
		5ED0AD82191FABCB0026DFF9 /* XCTest.framework */ = {isa = PBXFileReference; lastKnownFileType = wrapper.framework; name = XCTest.framework; path = Library/Frameworks/XCTest.framework; sourceTree = DEVELOPER_DIR; };
		5ED0AD8A191FABCB0026DFF9 /* AppTreinosTests-Info.plist */ = {isa = PBXFileReference; lastKnownFileType = text.plist.xml; path = "AppTreinosTests-Info.plist"; sourceTree = "<group>"; };
		5ED0AD8C191FABCB0026DFF9 /* en */ = {isa = PBXFileReference; lastKnownFileType = text.plist.strings; name = en; path = en.lproj/InfoPlist.strings; sourceTree = "<group>"; };
		5ED0AD8E191FABCB0026DFF9 /* AppTreinosTests.m */ = {isa = PBXFileReference; lastKnownFileType = sourcecode.c.objc; path = AppTreinosTests.m; sourceTree = "<group>"; };
		5ED0AD99191FC04D0026DFF9 /* NSObject+SBJson.h */ = {isa = PBXFileReference; fileEncoding = 4; lastKnownFileType = sourcecode.c.h; path = "NSObject+SBJson.h"; sourceTree = "<group>"; };
		5ED0AD9A191FC04D0026DFF9 /* NSObject+SBJson.m */ = {isa = PBXFileReference; fileEncoding = 4; lastKnownFileType = sourcecode.c.objc; path = "NSObject+SBJson.m"; sourceTree = "<group>"; };
		5ED0AD9B191FC04D0026DFF9 /* SBJson.h */ = {isa = PBXFileReference; fileEncoding = 4; lastKnownFileType = sourcecode.c.h; path = SBJson.h; sourceTree = "<group>"; };
		5ED0AD9C191FC04D0026DFF9 /* SBJsonParser.h */ = {isa = PBXFileReference; fileEncoding = 4; lastKnownFileType = sourcecode.c.h; path = SBJsonParser.h; sourceTree = "<group>"; };
		5ED0AD9D191FC04D0026DFF9 /* SBJsonParser.m */ = {isa = PBXFileReference; fileEncoding = 4; lastKnownFileType = sourcecode.c.objc; path = SBJsonParser.m; sourceTree = "<group>"; };
		5ED0AD9E191FC04D0026DFF9 /* SBJsonStreamParser.h */ = {isa = PBXFileReference; fileEncoding = 4; lastKnownFileType = sourcecode.c.h; path = SBJsonStreamParser.h; sourceTree = "<group>"; };
		5ED0AD9F191FC04D0026DFF9 /* SBJsonStreamParser.m */ = {isa = PBXFileReference; fileEncoding = 4; lastKnownFileType = sourcecode.c.objc; path = SBJsonStreamParser.m; sourceTree = "<group>"; };
		5ED0ADA0191FC04D0026DFF9 /* SBJsonStreamParserAccumulator.h */ = {isa = PBXFileReference; fileEncoding = 4; lastKnownFileType = sourcecode.c.h; path = SBJsonStreamParserAccumulator.h; sourceTree = "<group>"; };
		5ED0ADA1191FC04D0026DFF9 /* SBJsonStreamParserAccumulator.m */ = {isa = PBXFileReference; fileEncoding = 4; lastKnownFileType = sourcecode.c.objc; path = SBJsonStreamParserAccumulator.m; sourceTree = "<group>"; };
		5ED0ADA2191FC04D0026DFF9 /* SBJsonStreamParserAdapter.h */ = {isa = PBXFileReference; fileEncoding = 4; lastKnownFileType = sourcecode.c.h; path = SBJsonStreamParserAdapter.h; sourceTree = "<group>"; };
		5ED0ADA3191FC04D0026DFF9 /* SBJsonStreamParserAdapter.m */ = {isa = PBXFileReference; fileEncoding = 4; lastKnownFileType = sourcecode.c.objc; path = SBJsonStreamParserAdapter.m; sourceTree = "<group>"; };
		5ED0ADA4191FC04D0026DFF9 /* SBJsonStreamParserState.h */ = {isa = PBXFileReference; fileEncoding = 4; lastKnownFileType = sourcecode.c.h; path = SBJsonStreamParserState.h; sourceTree = "<group>"; };
		5ED0ADA5191FC04D0026DFF9 /* SBJsonStreamParserState.m */ = {isa = PBXFileReference; fileEncoding = 4; lastKnownFileType = sourcecode.c.objc; path = SBJsonStreamParserState.m; sourceTree = "<group>"; };
		5ED0ADA6191FC04D0026DFF9 /* SBJsonStreamWriter.h */ = {isa = PBXFileReference; fileEncoding = 4; lastKnownFileType = sourcecode.c.h; path = SBJsonStreamWriter.h; sourceTree = "<group>"; };
		5ED0ADA7191FC04D0026DFF9 /* SBJsonStreamWriter.m */ = {isa = PBXFileReference; fileEncoding = 4; lastKnownFileType = sourcecode.c.objc; path = SBJsonStreamWriter.m; sourceTree = "<group>"; };
		5ED0ADA8191FC04D0026DFF9 /* SBJsonStreamWriterAccumulator.h */ = {isa = PBXFileReference; fileEncoding = 4; lastKnownFileType = sourcecode.c.h; path = SBJsonStreamWriterAccumulator.h; sourceTree = "<group>"; };
		5ED0ADA9191FC04D0026DFF9 /* SBJsonStreamWriterAccumulator.m */ = {isa = PBXFileReference; fileEncoding = 4; lastKnownFileType = sourcecode.c.objc; path = SBJsonStreamWriterAccumulator.m; sourceTree = "<group>"; };
		5ED0ADAA191FC04D0026DFF9 /* SBJsonStreamWriterState.h */ = {isa = PBXFileReference; fileEncoding = 4; lastKnownFileType = sourcecode.c.h; path = SBJsonStreamWriterState.h; sourceTree = "<group>"; };
		5ED0ADAB191FC04D0026DFF9 /* SBJsonStreamWriterState.m */ = {isa = PBXFileReference; fileEncoding = 4; lastKnownFileType = sourcecode.c.objc; path = SBJsonStreamWriterState.m; sourceTree = "<group>"; };
		5ED0ADAC191FC04D0026DFF9 /* SBJsonTokeniser.h */ = {isa = PBXFileReference; fileEncoding = 4; lastKnownFileType = sourcecode.c.h; path = SBJsonTokeniser.h; sourceTree = "<group>"; };
		5ED0ADAD191FC04D0026DFF9 /* SBJsonTokeniser.m */ = {isa = PBXFileReference; fileEncoding = 4; lastKnownFileType = sourcecode.c.objc; path = SBJsonTokeniser.m; sourceTree = "<group>"; };
		5ED0ADAE191FC04D0026DFF9 /* SBJsonUTF8Stream.h */ = {isa = PBXFileReference; fileEncoding = 4; lastKnownFileType = sourcecode.c.h; path = SBJsonUTF8Stream.h; sourceTree = "<group>"; };
		5ED0ADAF191FC04D0026DFF9 /* SBJsonUTF8Stream.m */ = {isa = PBXFileReference; fileEncoding = 4; lastKnownFileType = sourcecode.c.objc; path = SBJsonUTF8Stream.m; sourceTree = "<group>"; };
		5ED0ADB0191FC04D0026DFF9 /* SBJsonWriter.h */ = {isa = PBXFileReference; fileEncoding = 4; lastKnownFileType = sourcecode.c.h; path = SBJsonWriter.h; sourceTree = "<group>"; };
		5ED0ADB1191FC04D0026DFF9 /* SBJsonWriter.m */ = {isa = PBXFileReference; fileEncoding = 4; lastKnownFileType = sourcecode.c.objc; path = SBJsonWriter.m; sourceTree = "<group>"; };
		5EFC2E18195A525600B747FB /* treinoss.db */ = {isa = PBXFileReference; lastKnownFileType = file; path = treinoss.db; sourceTree = "<group>"; };
		5EFD0E9B194FBFAA0097D9A4 /* 391725_256704111119106_250911794_n.jpg */ = {isa = PBXFileReference; lastKnownFileType = image.jpeg; path = 391725_256704111119106_250911794_n.jpg; sourceTree = "<group>"; };
		5EFD0E9E194FC0D40097D9A4 /* logo_mft.png */ = {isa = PBXFileReference; lastKnownFileType = image.png; path = logo_mft.png; sourceTree = "<group>"; };
/* End PBXFileReference section */

/* Begin PBXFrameworksBuildPhase section */
		5ED0AD5D191FABCB0026DFF9 /* Frameworks */ = {
			isa = PBXFrameworksBuildPhase;
			buildActionMask = 2147483647;
			files = (
				5E09ED8C192188F8003089BA /* libsqlite3.dylib in Frameworks */,
				5ED0AD66191FABCB0026DFF9 /* CoreGraphics.framework in Frameworks */,
				5ED0AD68191FABCB0026DFF9 /* UIKit.framework in Frameworks */,
				5ED0AD64191FABCB0026DFF9 /* Foundation.framework in Frameworks */,
			);
			runOnlyForDeploymentPostprocessing = 0;
		};
		5ED0AD7E191FABCB0026DFF9 /* Frameworks */ = {
			isa = PBXFrameworksBuildPhase;
			buildActionMask = 2147483647;
			files = (
				5ED0AD83191FABCB0026DFF9 /* XCTest.framework in Frameworks */,
				5ED0AD85191FABCB0026DFF9 /* UIKit.framework in Frameworks */,
				5ED0AD84191FABCB0026DFF9 /* Foundation.framework in Frameworks */,
			);
			runOnlyForDeploymentPostprocessing = 0;
		};
/* End PBXFrameworksBuildPhase section */

/* Begin PBXGroup section */
		5E09ED8D19218998003089BA /* SCSQLite-master */ = {
			isa = PBXGroup;
			children = (
				5E09ED8E19218B54003089BA /* README.markdown */,
				5E09ED8F19218B54003089BA /* SCSQLite.h */,
				5E09ED9019218B54003089BA /* SCSQLite.m */,
			);
			name = "SCSQLite-master";
			sourceTree = "<group>";
		};
		5ED0AD57191FABCA0026DFF9 = {
			isa = PBXGroup;
			children = (
				5ED0AD69191FABCB0026DFF9 /* AppTreinos */,
				5ED0AD88191FABCB0026DFF9 /* AppTreinosTests */,
				5ED0AD62191FABCB0026DFF9 /* Frameworks */,
				5ED0AD61191FABCB0026DFF9 /* Products */,
			);
			sourceTree = "<group>";
		};
		5ED0AD61191FABCB0026DFF9 /* Products */ = {
			isa = PBXGroup;
			children = (
				5ED0AD60191FABCB0026DFF9 /* AppTreinos.app */,
				5ED0AD81191FABCB0026DFF9 /* AppTreinosTests.xctest */,
			);
			name = Products;
			sourceTree = "<group>";
		};
		5ED0AD62191FABCB0026DFF9 /* Frameworks */ = {
			isa = PBXGroup;
			children = (
				5E09ED8B192188F8003089BA /* libsqlite3.dylib */,
				5ED0AD63191FABCB0026DFF9 /* Foundation.framework */,
				5ED0AD65191FABCB0026DFF9 /* CoreGraphics.framework */,
				5ED0AD67191FABCB0026DFF9 /* UIKit.framework */,
				5ED0AD82191FABCB0026DFF9 /* XCTest.framework */,
			);
			name = Frameworks;
			sourceTree = "<group>";
		};
		5ED0AD69191FABCB0026DFF9 /* AppTreinos */ = {
			isa = PBXGroup;
			children = (
				5E3733E519579E3B0052DAB5 /* Alert.h */,
				5E3733E619579E3B0052DAB5 /* Alert.m */,
				5E09ED8D19218998003089BA /* SCSQLite-master */,
				5ED0AD98191FC00C0026DFF9 /* SBJson */,
				5ED0AD72191FABCB0026DFF9 /* APPTAppDelegate.h */,
				5ED0AD73191FABCB0026DFF9 /* APPTAppDelegate.m */,
				5ED0AD75191FABCB0026DFF9 /* Main.storyboard */,
				5E0BD9E8194DE83100179E54 /* UsuarioViewController.h */,
				5E0BD9E9194DE83100179E54 /* UsuarioViewController.m */,
				5E3FFFAD19439A1A004E6E54 /* TreinoViewController.h */,
				5E3FFFAE19439A1A004E6E54 /* TreinoViewController.m */,
				5E1F902119230BF4006770C2 /* DetalheTreinoViewController.h */,
				5E1F902219230BF4006770C2 /* DetalheTreinoViewController.m */,
				5E3733E81957A1640052DAB5 /* Webservice.h */,
				5E3733E91957A1640052DAB5 /* Webservice.m */,
				5E20880B19292C0D0004ABA1 /* Treino.h */,
				5E20880C19292C0D0004ABA1 /* Treino.m */,
				5E20880E19292C1F0004ABA1 /* Usuario.h */,
				5E20880F19292C1F0004ABA1 /* Usuario.m */,
				5ED0AD78191FABCB0026DFF9 /* APPTViewController.h */,
				5ED0AD79191FABCB0026DFF9 /* APPTViewController.m */,
				5ED0AD7B191FABCB0026DFF9 /* Images.xcassets */,
				5EABDEA0195D78A200B80ED7 /* Images-2.xcassets */,
				5ED0AD6A191FABCB0026DFF9 /* Supporting Files */,
			);
			path = AppTreinos;
			sourceTree = "<group>";
		};
		5ED0AD6A191FABCB0026DFF9 /* Supporting Files */ = {
			isa = PBXGroup;
			children = (
				5E8A070A195D5CD000FAC3EA /* Chart_Up@2x.png */,
				5E8A0708195D5C6A00FAC3EA /* icon_running@2x.png */,
				5E8A0706195D5ABD00FAC3EA /* Contact@2x.png */,
				5E8A0700195D54A800FAC3EA /* dashboard_icon 2.png */,
				5EFC2E18195A525600B747FB /* treinoss.db */,
				5E3733D619565FE70052DAB5 /* icon-comment-lanch.png */,
				5E3733D719565FE70052DAB5 /* icon-done-lanch.png */,
				5E3733D819565FE70052DAB5 /* icon-not-lanch.png */,
				5EFD0E9E194FC0D40097D9A4 /* logo_mft.png */,
				5EFD0E9B194FBFAA0097D9A4 /* 391725_256704111119106_250911794_n.jpg */,
				5ED0AD6B191FABCB0026DFF9 /* AppTreinos-Info.plist */,
				5ED0AD6C191FABCB0026DFF9 /* InfoPlist.strings */,
				5ED0AD6F191FABCB0026DFF9 /* main.m */,
				5ED0AD71191FABCB0026DFF9 /* AppTreinos-Prefix.pch */,
			);
			name = "Supporting Files";
			sourceTree = "<group>";
		};
		5ED0AD88191FABCB0026DFF9 /* AppTreinosTests */ = {
			isa = PBXGroup;
			children = (
				5ED0AD8E191FABCB0026DFF9 /* AppTreinosTests.m */,
				5ED0AD89191FABCB0026DFF9 /* Supporting Files */,
			);
			path = AppTreinosTests;
			sourceTree = "<group>";
		};
		5ED0AD89191FABCB0026DFF9 /* Supporting Files */ = {
			isa = PBXGroup;
			children = (
				5ED0AD8A191FABCB0026DFF9 /* AppTreinosTests-Info.plist */,
				5ED0AD8B191FABCB0026DFF9 /* InfoPlist.strings */,
			);
			name = "Supporting Files";
			sourceTree = "<group>";
		};
		5ED0AD98191FC00C0026DFF9 /* SBJson */ = {
			isa = PBXGroup;
			children = (
				5ED0AD99191FC04D0026DFF9 /* NSObject+SBJson.h */,
				5ED0AD9A191FC04D0026DFF9 /* NSObject+SBJson.m */,
				5ED0AD9B191FC04D0026DFF9 /* SBJson.h */,
				5ED0AD9C191FC04D0026DFF9 /* SBJsonParser.h */,
				5ED0AD9D191FC04D0026DFF9 /* SBJsonParser.m */,
				5ED0AD9E191FC04D0026DFF9 /* SBJsonStreamParser.h */,
				5ED0AD9F191FC04D0026DFF9 /* SBJsonStreamParser.m */,
				5ED0ADA0191FC04D0026DFF9 /* SBJsonStreamParserAccumulator.h */,
				5ED0ADA1191FC04D0026DFF9 /* SBJsonStreamParserAccumulator.m */,
				5ED0ADA2191FC04D0026DFF9 /* SBJsonStreamParserAdapter.h */,
				5ED0ADA3191FC04D0026DFF9 /* SBJsonStreamParserAdapter.m */,
				5ED0ADA4191FC04D0026DFF9 /* SBJsonStreamParserState.h */,
				5ED0ADA5191FC04D0026DFF9 /* SBJsonStreamParserState.m */,
				5ED0ADA6191FC04D0026DFF9 /* SBJsonStreamWriter.h */,
				5ED0ADA7191FC04D0026DFF9 /* SBJsonStreamWriter.m */,
				5ED0ADA8191FC04D0026DFF9 /* SBJsonStreamWriterAccumulator.h */,
				5ED0ADA9191FC04D0026DFF9 /* SBJsonStreamWriterAccumulator.m */,
				5ED0ADAA191FC04D0026DFF9 /* SBJsonStreamWriterState.h */,
				5ED0ADAB191FC04D0026DFF9 /* SBJsonStreamWriterState.m */,
				5ED0ADAC191FC04D0026DFF9 /* SBJsonTokeniser.h */,
				5ED0ADAD191FC04D0026DFF9 /* SBJsonTokeniser.m */,
				5ED0ADAE191FC04D0026DFF9 /* SBJsonUTF8Stream.h */,
				5ED0ADAF191FC04D0026DFF9 /* SBJsonUTF8Stream.m */,
				5ED0ADB0191FC04D0026DFF9 /* SBJsonWriter.h */,
				5ED0ADB1191FC04D0026DFF9 /* SBJsonWriter.m */,
			);
			name = SBJson;
			sourceTree = "<group>";
		};
/* End PBXGroup section */

/* Begin PBXNativeTarget section */
		5ED0AD5F191FABCB0026DFF9 /* AppTreinos */ = {
			isa = PBXNativeTarget;
			buildConfigurationList = 5ED0AD92191FABCB0026DFF9 /* Build configuration list for PBXNativeTarget "AppTreinos" */;
			buildPhases = (
				5ED0AD5C191FABCB0026DFF9 /* Sources */,
				5ED0AD5D191FABCB0026DFF9 /* Frameworks */,
				5ED0AD5E191FABCB0026DFF9 /* Resources */,
			);
			buildRules = (
			);
			dependencies = (
			);
			name = AppTreinos;
			productName = AppTreinos;
			productReference = 5ED0AD60191FABCB0026DFF9 /* AppTreinos.app */;
			productType = "com.apple.product-type.application";
		};
		5ED0AD80191FABCB0026DFF9 /* AppTreinosTests */ = {
			isa = PBXNativeTarget;
			buildConfigurationList = 5ED0AD95191FABCB0026DFF9 /* Build configuration list for PBXNativeTarget "AppTreinosTests" */;
			buildPhases = (
				5ED0AD7D191FABCB0026DFF9 /* Sources */,
				5ED0AD7E191FABCB0026DFF9 /* Frameworks */,
				5ED0AD7F191FABCB0026DFF9 /* Resources */,
			);
			buildRules = (
			);
			dependencies = (
				5ED0AD87191FABCB0026DFF9 /* PBXTargetDependency */,
			);
			name = AppTreinosTests;
			productName = AppTreinosTests;
			productReference = 5ED0AD81191FABCB0026DFF9 /* AppTreinosTests.xctest */;
			productType = "com.apple.product-type.bundle.unit-test";
		};
/* End PBXNativeTarget section */

/* Begin PBXProject section */
		5ED0AD58191FABCA0026DFF9 /* Project object */ = {
			isa = PBXProject;
			attributes = {
				CLASSPREFIX = APPT;
				LastUpgradeCheck = 0510;
				ORGANIZATIONNAME = chfmr;
				TargetAttributes = {
					5ED0AD5F191FABCB0026DFF9 = {
						DevelopmentTeam = JEQPV2U326;
					};
					5ED0AD80191FABCB0026DFF9 = {
						TestTargetID = 5ED0AD5F191FABCB0026DFF9;
					};
				};
			};
			buildConfigurationList = 5ED0AD5B191FABCA0026DFF9 /* Build configuration list for PBXProject "AppTreinos" */;
			compatibilityVersion = "Xcode 3.2";
			developmentRegion = English;
			hasScannedForEncodings = 0;
			knownRegions = (
				en,
				Base,
			);
			mainGroup = 5ED0AD57191FABCA0026DFF9;
			productRefGroup = 5ED0AD61191FABCB0026DFF9 /* Products */;
			projectDirPath = "";
			projectRoot = "";
			targets = (
				5ED0AD5F191FABCB0026DFF9 /* AppTreinos */,
				5ED0AD80191FABCB0026DFF9 /* AppTreinosTests */,
			);
		};
/* End PBXProject section */

/* Begin PBXResourcesBuildPhase section */
		5ED0AD5E191FABCB0026DFF9 /* Resources */ = {
			isa = PBXResourcesBuildPhase;
			buildActionMask = 2147483647;
			files = (
				5ED0AD7C191FABCB0026DFF9 /* Images.xcassets in Resources */,
				5ED0AD6E191FABCB0026DFF9 /* InfoPlist.strings in Resources */,
				5E8A0709195D5C6A00FAC3EA /* icon_running@2x.png in Resources */,
				5EABDEA1195D78A200B80ED7 /* Images-2.xcassets in Resources */,
				5EFD0E9D194FBFAA0097D9A4 /* 391725_256704111119106_250911794_n.jpg in Resources */,
				5E8A070B195D5CD000FAC3EA /* Chart_Up@2x.png in Resources */,
				5E09ED9119218B54003089BA /* README.markdown in Resources */,
				5EFC2E19195A525600B747FB /* treinoss.db in Resources */,
				5E8A0707195D5ABD00FAC3EA /* Contact@2x.png in Resources */,
				5E3733D919565FE70052DAB5 /* icon-comment-lanch.png in Resources */,
				5ED0AD77191FABCB0026DFF9 /* Main.storyboard in Resources */,
				5E3733DB19565FE70052DAB5 /* icon-not-lanch.png in Resources */,
				5EFD0E9F194FC0D40097D9A4 /* logo_mft.png in Resources */,
				5E8A0701195D54A800FAC3EA /* dashboard_icon 2.png in Resources */,
				5E3733DA19565FE70052DAB5 /* icon-done-lanch.png in Resources */,
			);
			runOnlyForDeploymentPostprocessing = 0;
		};
		5ED0AD7F191FABCB0026DFF9 /* Resources */ = {
			isa = PBXResourcesBuildPhase;
			buildActionMask = 2147483647;
			files = (
				5ED0AD8D191FABCB0026DFF9 /* InfoPlist.strings in Resources */,
			);
			runOnlyForDeploymentPostprocessing = 0;
		};
/* End PBXResourcesBuildPhase section */

/* Begin PBXSourcesBuildPhase section */
		5ED0AD5C191FABCB0026DFF9 /* Sources */ = {
			isa = PBXSourcesBuildPhase;
			buildActionMask = 2147483647;
			files = (
				5E20881019292C1F0004ABA1 /* Usuario.m in Sources */,
				5ED0AD7A191FABCB0026DFF9 /* APPTViewController.m in Sources */,
				5ED0ADBD191FC04D0026DFF9 /* SBJsonWriter.m in Sources */,
				5ED0AD70191FABCB0026DFF9 /* main.m in Sources */,
				5ED0ADBB191FC04D0026DFF9 /* SBJsonTokeniser.m in Sources */,
				5E3FFFAF19439A1A004E6E54 /* TreinoViewController.m in Sources */,
				5E0BD9EA194DE83100179E54 /* UsuarioViewController.m in Sources */,
				5ED0ADB2191FC04D0026DFF9 /* NSObject+SBJson.m in Sources */,
				5ED0ADB8191FC04D0026DFF9 /* SBJsonStreamWriter.m in Sources */,
				5ED0ADB4191FC04D0026DFF9 /* SBJsonStreamParser.m in Sources */,
				5ED0ADB3191FC04D0026DFF9 /* SBJsonParser.m in Sources */,
				5E20880D19292C0D0004ABA1 /* Treino.m in Sources */,
				5ED0ADB5191FC04D0026DFF9 /* SBJsonStreamParserAccumulator.m in Sources */,
				5ED0ADB7191FC04D0026DFF9 /* SBJsonStreamParserState.m in Sources */,
				5E3733EA1957A1640052DAB5 /* Webservice.m in Sources */,
				5E3733E719579E3B0052DAB5 /* Alert.m in Sources */,
				5ED0ADB9191FC04D0026DFF9 /* SBJsonStreamWriterAccumulator.m in Sources */,
				5ED0ADBA191FC04D0026DFF9 /* SBJsonStreamWriterState.m in Sources */,
				5ED0ADBC191FC04D0026DFF9 /* SBJsonUTF8Stream.m in Sources */,
				5E1F902319230BF4006770C2 /* DetalheTreinoViewController.m in Sources */,
				5E09ED9219218B54003089BA /* SCSQLite.m in Sources */,
				5ED0AD74191FABCB0026DFF9 /* APPTAppDelegate.m in Sources */,
				5ED0ADB6191FC04D0026DFF9 /* SBJsonStreamParserAdapter.m in Sources */,
			);
			runOnlyForDeploymentPostprocessing = 0;
		};
		5ED0AD7D191FABCB0026DFF9 /* Sources */ = {
			isa = PBXSourcesBuildPhase;
			buildActionMask = 2147483647;
			files = (
				5ED0AD8F191FABCB0026DFF9 /* AppTreinosTests.m in Sources */,
			);
			runOnlyForDeploymentPostprocessing = 0;
		};
/* End PBXSourcesBuildPhase section */

/* Begin PBXTargetDependency section */
		5ED0AD87191FABCB0026DFF9 /* PBXTargetDependency */ = {
			isa = PBXTargetDependency;
			target = 5ED0AD5F191FABCB0026DFF9 /* AppTreinos */;
			targetProxy = 5ED0AD86191FABCB0026DFF9 /* PBXContainerItemProxy */;
		};
/* End PBXTargetDependency section */

/* Begin PBXVariantGroup section */
		5ED0AD6C191FABCB0026DFF9 /* InfoPlist.strings */ = {
			isa = PBXVariantGroup;
			children = (
				5ED0AD6D191FABCB0026DFF9 /* en */,
			);
			name = InfoPlist.strings;
			sourceTree = "<group>";
		};
		5ED0AD75191FABCB0026DFF9 /* Main.storyboard */ = {
			isa = PBXVariantGroup;
			children = (
				5ED0AD76191FABCB0026DFF9 /* Base */,
			);
			name = Main.storyboard;
			sourceTree = "<group>";
		};
		5ED0AD8B191FABCB0026DFF9 /* InfoPlist.strings */ = {
			isa = PBXVariantGroup;
			children = (
				5ED0AD8C191FABCB0026DFF9 /* en */,
			);
			name = InfoPlist.strings;
			sourceTree = "<group>";
		};
/* End PBXVariantGroup section */

/* Begin XCBuildConfiguration section */
		5ED0AD90191FABCB0026DFF9 /* Debug */ = {
			isa = XCBuildConfiguration;
			buildSettings = {
				ALWAYS_SEARCH_USER_PATHS = NO;
				CLANG_CXX_LANGUAGE_STANDARD = "gnu++0x";
				CLANG_CXX_LIBRARY = "libc++";
				CLANG_ENABLE_MODULES = YES;
				CLANG_ENABLE_OBJC_ARC = YES;
				CLANG_WARN_BOOL_CONVERSION = YES;
				CLANG_WARN_CONSTANT_CONVERSION = YES;
				CLANG_WARN_DIRECT_OBJC_ISA_USAGE = YES_ERROR;
				CLANG_WARN_EMPTY_BODY = YES;
				CLANG_WARN_ENUM_CONVERSION = YES;
				CLANG_WARN_INT_CONVERSION = YES;
				CLANG_WARN_OBJC_ROOT_CLASS = YES_ERROR;
				CLANG_WARN__DUPLICATE_METHOD_MATCH = YES;
				CODE_SIGN_IDENTITY = "iPhone Distribution: Carlos Fructuoso (JEQPV2U326)";
				"CODE_SIGN_IDENTITY[sdk=iphoneos*]" = "iPhone Distribution";
				COPY_PHASE_STRIP = YES;
				GCC_C_LANGUAGE_STANDARD = gnu99;
				GCC_DYNAMIC_NO_PIC = NO;
				GCC_OPTIMIZATION_LEVEL = 0;
				GCC_PREPROCESSOR_DEFINITIONS = (
					"DEBUG=1",
					"$(inherited)",
				);
				GCC_SYMBOLS_PRIVATE_EXTERN = NO;
				GCC_WARN_64_TO_32_BIT_CONVERSION = YES;
				GCC_WARN_ABOUT_RETURN_TYPE = YES_ERROR;
				GCC_WARN_UNDECLARED_SELECTOR = YES;
				GCC_WARN_UNINITIALIZED_AUTOS = YES_AGGRESSIVE;
				GCC_WARN_UNUSED_FUNCTION = YES;
				GCC_WARN_UNUSED_VARIABLE = YES;
				IPHONEOS_DEPLOYMENT_TARGET = 7.0;
				ONLY_ACTIVE_ARCH = NO;
				SDKROOT = iphoneos7.1;
				"SDKROOT[arch=*]" = iphoneos7.1;
				VALIDATE_PRODUCT = NO;
			};
			name = Debug;
		};
		5ED0AD91191FABCB0026DFF9 /* Release */ = {
			isa = XCBuildConfiguration;
			buildSettings = {
				ALWAYS_SEARCH_USER_PATHS = NO;
				CLANG_CXX_LANGUAGE_STANDARD = "gnu++0x";
				CLANG_CXX_LIBRARY = "libc++";
				CLANG_ENABLE_MODULES = YES;
				CLANG_ENABLE_OBJC_ARC = YES;
				CLANG_WARN_BOOL_CONVERSION = YES;
				CLANG_WARN_CONSTANT_CONVERSION = YES;
				CLANG_WARN_DIRECT_OBJC_ISA_USAGE = YES_ERROR;
				CLANG_WARN_EMPTY_BODY = YES;
				CLANG_WARN_ENUM_CONVERSION = YES;
				CLANG_WARN_INT_CONVERSION = YES;
				CLANG_WARN_OBJC_ROOT_CLASS = YES_ERROR;
				CLANG_WARN__DUPLICATE_METHOD_MATCH = YES;
				CODE_SIGN_IDENTITY = "iPhone Distribution: Carlos Fructuoso (JEQPV2U326)";
				"CODE_SIGN_IDENTITY[sdk=iphoneos*]" = "iPhone Distribution";
				COPY_PHASE_STRIP = YES;
				ENABLE_NS_ASSERTIONS = NO;
				GCC_C_LANGUAGE_STANDARD = gnu99;
				GCC_WARN_64_TO_32_BIT_CONVERSION = YES;
				GCC_WARN_ABOUT_RETURN_TYPE = YES_ERROR;
				GCC_WARN_UNDECLARED_SELECTOR = YES;
				GCC_WARN_UNINITIALIZED_AUTOS = YES_AGGRESSIVE;
				GCC_WARN_UNUSED_FUNCTION = YES;
				GCC_WARN_UNUSED_VARIABLE = YES;
				IPHONEOS_DEPLOYMENT_TARGET = 7.0;
				ONLY_ACTIVE_ARCH = NO;
				SDKROOT = "iphoneos7.1, iphoneos7.0";
				"SDKROOT[arch=*]" = iphoneos7.1;
				VALIDATE_PRODUCT = NO;
			};
			name = Release;
		};
		5ED0AD93191FABCB0026DFF9 /* Debug */ = {
			isa = XCBuildConfiguration;
			buildSettings = {
				ASSETCATALOG_COMPILER_APPICON_NAME = "AppIcon-4";
				ASSETCATALOG_COMPILER_LAUNCHIMAGE_NAME = LaunchImage;
				CODE_SIGN_IDENTITY = "iPhone Developer";
				"CODE_SIGN_IDENTITY[sdk=iphoneos*]" = "iPhone Developer";
				GCC_PRECOMPILE_PREFIX_HEADER = YES;
				GCC_PREFIX_HEADER = "AppTreinos/AppTreinos-Prefix.pch";
				INFOPLIST_FILE = "AppTreinos/AppTreinos-Info.plist";
				IPHONEOS_DEPLOYMENT_TARGET = 7.0;
				PRODUCT_NAME = "$(TARGET_NAME)";
				PROVISIONING_PROFILE = "";
				WRAPPER_EXTENSION = app;
			};
			name = Debug;
		};
		5ED0AD94191FABCB0026DFF9 /* Release */ = {
			isa = XCBuildConfiguration;
			buildSettings = {
				ASSETCATALOG_COMPILER_APPICON_NAME = "AppIcon-4";
				ASSETCATALOG_COMPILER_LAUNCHIMAGE_NAME = LaunchImage;
				CODE_SIGN_IDENTITY = "iPhone Developer";
				"CODE_SIGN_IDENTITY[sdk=iphoneos*]" = "iPhone Developer";
				GCC_PRECOMPILE_PREFIX_HEADER = YES;
				GCC_PREFIX_HEADER = "AppTreinos/AppTreinos-Prefix.pch";
				INFOPLIST_FILE = "AppTreinos/AppTreinos-Info.plist";
				IPHONEOS_DEPLOYMENT_TARGET = 7.0;
				PRODUCT_NAME = "$(TARGET_NAME)";
				PROVISIONING_PROFILE = "";
				WRAPPER_EXTENSION = app;
			};
			name = Release;
		};
		5ED0AD96191FABCB0026DFF9 /* Debug */ = {
			isa = XCBuildConfiguration;
			buildSettings = {
				BUNDLE_LOADER = "$(BUILT_PRODUCTS_DIR)/AppTreinos.app/AppTreinos";
				FRAMEWORK_SEARCH_PATHS = (
					"$(SDKROOT)/Developer/Library/Frameworks",
					"$(inherited)",
					"$(DEVELOPER_FRAMEWORKS_DIR)",
				);
				GCC_PRECOMPILE_PREFIX_HEADER = YES;
				GCC_PREFIX_HEADER = "AppTreinos/AppTreinos-Prefix.pch";
				GCC_PREPROCESSOR_DEFINITIONS = (
					"DEBUG=1",
					"$(inherited)",
				);
				INFOPLIST_FILE = "AppTreinosTests/AppTreinosTests-Info.plist";
				PRODUCT_NAME = "$(TARGET_NAME)";
				TEST_HOST = "$(BUNDLE_LOADER)";
				WRAPPER_EXTENSION = xctest;
			};
			name = Debug;
		};
		5ED0AD97191FABCB0026DFF9 /* Release */ = {
			isa = XCBuildConfiguration;
			buildSettings = {
				BUNDLE_LOADER = "$(BUILT_PRODUCTS_DIR)/AppTreinos.app/AppTreinos";
				FRAMEWORK_SEARCH_PATHS = (
					"$(SDKROOT)/Developer/Library/Frameworks",
					"$(inherited)",
					"$(DEVELOPER_FRAMEWORKS_DIR)",
				);
				GCC_PRECOMPILE_PREFIX_HEADER = YES;
				GCC_PREFIX_HEADER = "AppTreinos/AppTreinos-Prefix.pch";
				INFOPLIST_FILE = "AppTreinosTests/AppTreinosTests-Info.plist";
				PRODUCT_NAME = "$(TARGET_NAME)";
				TEST_HOST = "$(BUNDLE_LOADER)";
				WRAPPER_EXTENSION = xctest;
			};
			name = Release;
		};
/* End XCBuildConfiguration section */

/* Begin XCConfigurationList section */
		5ED0AD5B191FABCA0026DFF9 /* Build configuration list for PBXProject "AppTreinos" */ = {
			isa = XCConfigurationList;
			buildConfigurations = (
				5ED0AD90191FABCB0026DFF9 /* Debug */,
				5ED0AD91191FABCB0026DFF9 /* Release */,
			);
			defaultConfigurationIsVisible = 0;
			defaultConfigurationName = Release;
		};
		5ED0AD92191FABCB0026DFF9 /* Build configuration list for PBXNativeTarget "AppTreinos" */ = {
			isa = XCConfigurationList;
			buildConfigurations = (
				5ED0AD93191FABCB0026DFF9 /* Debug */,
				5ED0AD94191FABCB0026DFF9 /* Release */,
			);
			defaultConfigurationIsVisible = 0;
			defaultConfigurationName = Release;
		};
		5ED0AD95191FABCB0026DFF9 /* Build configuration list for PBXNativeTarget "AppTreinosTests" */ = {
			isa = XCConfigurationList;
			buildConfigurations = (
				5ED0AD96191FABCB0026DFF9 /* Debug */,
				5ED0AD97191FABCB0026DFF9 /* Release */,
			);
			defaultConfigurationIsVisible = 0;
			defaultConfigurationName = Release;
		};
/* End XCConfigurationList section */
	};
	rootObject = 5ED0AD58191FABCA0026DFF9 /* Project object */;
}
